
Microsoft Visual Studio Solution File, Format Version 12.00
# Visual Studio Version 17
VisualStudioVersion = 17.7.34009.444
MinimumVisualStudioVersion = 10.0.40219.1
Project("{2150E333-8FDC-42A3-9474-1A3956D46DE8}") = "Website", "Website", "{36548860-6EEB-4FB8-B16E-15E4F3A95870}"
EndProject
Project("{FAE04EC0-301F-11D3-BF4B-00C04F79EFBC}") = "LrsWebsite", "LiurenSentient\LrsWebsite\LrsWebsite.csproj", "{8ACCBF8E-9DCC-42AF-BAEC-C5EA5E3FEB58}"
EndProject
Global
	GlobalSection(SolutionConfigurationPlatforms) = preSolution
		Debug|Any CPU = Debug|Any CPU
		Release|Any CPU = Release|Any CPU
	EndGlobalSection
	GlobalSection(ProjectConfigurationPlatforms) = postSolution
		{8ACCBF8E-9DCC-42AF-BAEC-C5EA5E3FEB58}.Debug|Any CPU.ActiveCfg = Debug|Any CPU
		{8ACCBF8E-9DCC-42AF-BAEC-C5EA5E3FEB58}.Debug|Any CPU.Build.0 = Debug|Any CPU
		{8ACCBF8E-9DCC-42AF-BAEC-C5EA5E3FEB58}.Release|Any CPU.ActiveCfg = Release|Any CPU
		{8ACCBF8E-9DCC-42AF-BAEC-C5EA5E3FEB58}.Release|Any CPU.Build.0 = Release|Any CPU
	EndGlobalSection
	GlobalSection(SolutionProperties) = preSolution
		HideSolutionNode = FALSE
	EndGlobalSection
	GlobalSection(NestedProjects) = preSolution
		{8ACCBF8E-9DCC-42AF-BAEC-C5EA5E3FEB58} = {36548860-6EEB-4FB8-B16E-15E4F3A95870}
	EndGlobalSection
	GlobalSection(ExtensibilityGlobals) = postSolution
		SolutionGuid = {758EEBDC-A9C5-48C2-A0D4-8D40CD507E59}
	EndGlobalSection
EndGlobal
